{
    "_readme": [
        "This file locks the dependencies of your project to a known state",
        "Read more about it at https://getcomposer.org/doc/01-basic-usage.md#composer-lock-the-lock-file",
        "This file is @generated automatically"
    ],
    "hash": "ba74575e1ec2f77530a4589d11e83713",
    "content-hash": "31b6dd7a31d4ec7ef736907d5fb9392d",
    "packages": [],
    "packages-dev": [],
    "aliases": [],
    "minimum-stability": "stable",
    "stability-flags": [],
    "prefer-stable": false,
    "prefer-lowest": false,
    "platform": {
        "php": "^5.5.36 || ^5.5.38",
        "ext-mbstring": "*"
    },
    "platform-dev": []
}
